
Microsoft Visual Studio Solution File, Format Version 11.00
# Visual Studio 2010
# SharpDevelop 5.1
Project("{FAE04EC0-301F-11D3-BF4B-00C04F79EFBC}") = "UX_mPMA_ParamGen", "UX_mPMA_ParamGen.csproj", "{F3EBDCAE-7168-470D-B267-2E945259E52B}"
EndProject
Global
	GlobalSection(SolutionConfigurationPlatforms) = preSolution
		Debug|Any CPU = Debug|Any CPU
		Release|Any CPU = Release|Any CPU
	EndGlobalSection
	GlobalSection(ProjectConfigurationPlatforms) = postSolution
		{F3EBDCAE-7168-470D-B267-2E945259E52B}.Debug|Any CPU.ActiveCfg = Debug|Any CPU
		{F3EBDCAE-7168-470D-B267-2E945259E52B}.Debug|Any CPU.Build.0 = Debug|Any CPU
		{F3EBDCAE-7168-470D-B267-2E945259E52B}.Release|Any CPU.ActiveCfg = Release|Any CPU
		{F3EBDCAE-7168-470D-B267-2E945259E52B}.Release|Any CPU.Build.0 = Release|Any CPU
	EndGlobalSection
EndGlobal
